// !$*UTF8*$!
{
	archiveVersion = 1;
	classes = {
	};
	objectVersion = 46;
	objects = {

/* Begin PBXBuildFile section */
		325097BA1E0B68F500B726D9 /* tinycthread.c in Sources */ = {isa = PBXBuildFile; fileRef = 325097B51E0B68F500B726D9 /* tinycthread.c */; };
		325097BB1E0B68F500B726D9 /* utf8.c in Sources */ = {isa = PBXBuildFile; fileRef = 325097B71E0B68F500B726D9 /* utf8.c */; };
		325097C31E0B777F00B726D9 /* base64.cpp in Sources */ = {isa = PBXBuildFile; fileRef = 325097BF1E0B777F00B726D9 /* base64.cpp */; };
		325097C41E0B777F00B726D9 /* md5.c in Sources */ = {isa = PBXBuildFile; fileRef = 325097C21E0B777F00B726D9 /* md5.c */; };
		325098031E0B7F0100B726D9 /* Log.cpp in Sources */ = {isa = PBXBuildFile; fileRef = 325097CF1E0B7F0100B726D9 /* Log.cpp */; };
		325098041E0B7F0100B726D9 /* Object.cpp in Sources */ = {isa = PBXBuildFile; fileRef = 325097D21E0B7F0100B726D9 /* Object.cpp */; };
		325098051E0B7F0100B726D9 /* Buffer.cpp in Sources */ = {isa = PBXBuildFile; fileRef = 325097DB1E0B7F0100B726D9 /* Buffer.cpp */; };
		325098061E0B7F0100B726D9 /* File.cpp in Sources */ = {isa = PBXBuildFile; fileRef = 325097DD1E0B7F0100B726D9 /* File.cpp */; };
		325098071E0B7F0100B726D9 /* Stream.cpp in Sources */ = {isa = PBXBuildFile; fileRef = 325097E01E0B7F0100B726D9 /* Stream.cpp */; };
		325098081E0B7F0100B726D9 /* Memory.cpp in Sources */ = {isa = PBXBuildFile; fileRef = 325097E31E0B7F0100B726D9 /* Memory.cpp */; };
		325098091E0B7F0100B726D9 /* MemPool.cpp in Sources */ = {isa = PBXBuildFile; fileRef = 325097E51E0B7F0100B726D9 /* MemPool.cpp */; };
		3250980A1E0B7F0100B726D9 /* StackTrace.cpp in Sources */ = {isa = PBXBuildFile; fileRef = 325097E71E0B7F0100B726D9 /* StackTrace.cpp */; };
		3250980B1E0B7F0100B726D9 /* String.cpp in Sources */ = {isa = PBXBuildFile; fileRef = 325097EA1E0B7F0100B726D9 /* String.cpp */; };
		3250980C1E0B7F0100B726D9 /* TextCodec.cpp in Sources */ = {isa = PBXBuildFile; fileRef = 325097EC1E0B7F0100B726D9 /* TextCodec.cpp */; };
		3250980D1E0B7F0100B726D9 /* Actor.cpp in Sources */ = {isa = PBXBuildFile; fileRef = 325097EF1E0B7F0100B726D9 /* Actor.cpp */; };
		3250980E1E0B7F0100B726D9 /* ThreadPool.cpp in Sources */ = {isa = PBXBuildFile; fileRef = 325097F11E0B7F0100B726D9 /* ThreadPool.cpp */; };
		325098101E0B7F0100B726D9 /* Timer.cpp in Sources */ = {isa = PBXBuildFile; fileRef = 325097F51E0B7F0100B726D9 /* Timer.cpp */; };
		325098111E0B7F0100B726D9 /* Config.cpp in Sources */ = {isa = PBXBuildFile; fileRef = 325097F81E0B7F0100B726D9 /* Config.cpp */; };
		325098121E0B7F0100B726D9 /* CsvReader.cpp in Sources */ = {isa = PBXBuildFile; fileRef = 325097FA1E0B7F0100B726D9 /* CsvReader.cpp */; };
		325098131E0B7F0100B726D9 /* System.cpp in Sources */ = {isa = PBXBuildFile; fileRef = 325097FE1E0B7F0100B726D9 /* System.cpp */; };
		325098141E0B7F0100B726D9 /* Test.cpp in Sources */ = {isa = PBXBuildFile; fileRef = 325098001E0B7F0100B726D9 /* Test.cpp */; };
		325098171E0B813D00B726D9 /* Time.cpp in Sources */ = {isa = PBXBuildFile; fileRef = 325098151E0B813D00B726D9 /* Time.cpp */; };
		325098191E0B9EB100B726D9 /* Profiler.cpp in Sources */ = {isa = PBXBuildFile; fileRef = 325098181E0B9EB100B726D9 /* Profiler.cpp */; };
		325A85071E09461E00717CF6 /* ActorTest.cpp in Sources */ = {isa = PBXBuildFile; fileRef = 325A84F81E09461E00717CF6 /* ActorTest.cpp */; };
		325A850A1E09461E00717CF6 /* CacheTest.cpp in Sources */ = {isa = PBXBuildFile; fileRef = 325A84FB1E09461E00717CF6 /* CacheTest.cpp */; };
		325A850B1E09461E00717CF6 /* HashMapTest.cpp in Sources */ = {isa = PBXBuildFile; fileRef = 325A84FC1E09461E00717CF6 /* HashMapTest.cpp */; };
		325A850C1E09461E00717CF6 /* LinkedListTest.cpp in Sources */ = {isa = PBXBuildFile; fileRef = 325A84FD1E09461E00717CF6 /* LinkedListTest.cpp */; };
		325A850E1E09461E00717CF6 /* maincpp.cpp in Sources */ = {isa = PBXBuildFile; fileRef = 325A84FF1E09461E00717CF6 /* maincpp.cpp */; };
		325A850F1E09461E00717CF6 /* MemoryTest.cpp in Sources */ = {isa = PBXBuildFile; fileRef = 325A85001E09461E00717CF6 /* MemoryTest.cpp */; };
		325A85101E09461E00717CF6 /* StringTest.cpp in Sources */ = {isa = PBXBuildFile; fileRef = 325A85011E09461E00717CF6 /* StringTest.cpp */; };
/* End PBXBuildFile section */

/* Begin PBXCopyFilesBuildPhase section */
		325A84D41E09458200717CF6 /* CopyFiles */ = {
			isa = PBXCopyFilesBuildPhase;
			buildActionMask = 2147483647;
			dstPath = /usr/share/man/man1/;
			dstSubfolderSpec = 0;
			files = (
			);
			runOnlyForDeploymentPostprocessing = 1;
		};
/* End PBXCopyFilesBuildPhase section */

/* Begin PBXFileReference section */
		325097B51E0B68F500B726D9 /* tinycthread.c */ = {isa = PBXFileReference; fileEncoding = 4; lastKnownFileType = sourcecode.c.c; path = tinycthread.c; sourceTree = "<group>"; };
		325097B61E0B68F500B726D9 /* tinycthread.h */ = {isa = PBXFileReference; fileEncoding = 4; lastKnownFileType = sourcecode.c.h; path = tinycthread.h; sourceTree = "<group>"; };
		325097B71E0B68F500B726D9 /* utf8.c */ = {isa = PBXFileReference; fileEncoding = 4; lastKnownFileType = sourcecode.c.c; path = utf8.c; sourceTree = "<group>"; };
		325097B81E0B68F500B726D9 /* utf8.h */ = {isa = PBXFileReference; fileEncoding = 4; lastKnownFileType = sourcecode.c.h; path = utf8.h; sourceTree = "<group>"; };
		325097BF1E0B777F00B726D9 /* base64.cpp */ = {isa = PBXFileReference; fileEncoding = 4; lastKnownFileType = sourcecode.cpp.cpp; path = base64.cpp; sourceTree = "<group>"; };
		325097C01E0B777F00B726D9 /* base64.h */ = {isa = PBXFileReference; fileEncoding = 4; lastKnownFileType = sourcecode.c.h; path = base64.h; sourceTree = "<group>"; };
		325097C11E0B777F00B726D9 /* md5.h */ = {isa = PBXFileReference; fileEncoding = 4; lastKnownFileType = sourcecode.c.h; path = md5.h; sourceTree = "<group>"; };
		325097C21E0B777F00B726D9 /* md5.c */ = {isa = PBXFileReference; fileEncoding = 4; lastKnownFileType = sourcecode.c.c; path = md5.c; sourceTree = "<group>"; };
		325097CE1E0B7F0100B726D9 /* common.h */ = {isa = PBXFileReference; fileEncoding = 4; lastKnownFileType = sourcecode.c.h; path = common.h; sourceTree = "<group>"; };
		325097CF1E0B7F0100B726D9 /* Log.cpp */ = {isa = PBXFileReference; fileEncoding = 4; lastKnownFileType = sourcecode.cpp.cpp; path = Log.cpp; sourceTree = "<group>"; };
		325097D01E0B7F0100B726D9 /* Log.h */ = {isa = PBXFileReference; fileEncoding = 4; lastKnownFileType = sourcecode.c.h; path = Log.h; sourceTree = "<group>"; };
		325097D11E0B7F0100B726D9 /* miss.h */ = {isa = PBXFileReference; fileEncoding = 4; lastKnownFileType = sourcecode.c.h; path = miss.h; sourceTree = "<group>"; };
		325097D21E0B7F0100B726D9 /* Object.cpp */ = {isa = PBXFileReference; fileEncoding = 4; lastKnownFileType = sourcecode.cpp.cpp; path = Object.cpp; sourceTree = "<group>"; };
		325097D31E0B7F0100B726D9 /* Object.h */ = {isa = PBXFileReference; fileEncoding = 4; lastKnownFileType = sourcecode.c.h; path = Object.h; sourceTree = "<group>"; };
		325097D41E0B7F0100B726D9 /* Ref.h */ = {isa = PBXFileReference; fileEncoding = 4; lastKnownFileType = sourcecode.c.h; path = Ref.h; sourceTree = "<group>"; };
		325097D61E0B7F0100B726D9 /* Cache.h */ = {isa = PBXFileReference; fileEncoding = 4; lastKnownFileType = sourcecode.c.h; path = Cache.h; sourceTree = "<group>"; };
		325097D71E0B7F0100B726D9 /* HashMap.h */ = {isa = PBXFileReference; fileEncoding = 4; lastKnownFileType = sourcecode.c.h; path = HashMap.h; sourceTree = "<group>"; };
		325097D81E0B7F0100B726D9 /* LinkedList.h */ = {isa = PBXFileReference; fileEncoding = 4; lastKnownFileType = sourcecode.c.h; path = LinkedList.h; sourceTree = "<group>"; };
		325097D91E0B7F0100B726D9 /* cppfan.h */ = {isa = PBXFileReference; fileEncoding = 4; lastKnownFileType = sourcecode.c.h; path = cppfan.h; sourceTree = "<group>"; };
		325097DB1E0B7F0100B726D9 /* Buffer.cpp */ = {isa = PBXFileReference; fileEncoding = 4; lastKnownFileType = sourcecode.cpp.cpp; path = Buffer.cpp; sourceTree = "<group>"; };
		325097DC1E0B7F0100B726D9 /* Buffer.h */ = {isa = PBXFileReference; fileEncoding = 4; lastKnownFileType = sourcecode.c.h; path = Buffer.h; sourceTree = "<group>"; };
		325097DD1E0B7F0100B726D9 /* File.cpp */ = {isa = PBXFileReference; fileEncoding = 4; lastKnownFileType = sourcecode.cpp.cpp; path = File.cpp; sourceTree = "<group>"; };
		325097DE1E0B7F0100B726D9 /* File.h */ = {isa = PBXFileReference; fileEncoding = 4; lastKnownFileType = sourcecode.c.h; path = File.h; sourceTree = "<group>"; };
		325097DF1E0B7F0100B726D9 /* FileStream.h */ = {isa = PBXFileReference; fileEncoding = 4; lastKnownFileType = sourcecode.c.h; path = FileStream.h; sourceTree = "<group>"; };
		325097E01E0B7F0100B726D9 /* Stream.cpp */ = {isa = PBXFileReference; fileEncoding = 4; lastKnownFileType = sourcecode.cpp.cpp; path = Stream.cpp; sourceTree = "<group>"; };
		325097E11E0B7F0100B726D9 /* Stream.h */ = {isa = PBXFileReference; fileEncoding = 4; lastKnownFileType = sourcecode.c.h; path = Stream.h; sourceTree = "<group>"; };
		325097E31E0B7F0100B726D9 /* Memory.cpp */ = {isa = PBXFileReference; fileEncoding = 4; lastKnownFileType = sourcecode.cpp.cpp; path = Memory.cpp; sourceTree = "<group>"; };
		325097E41E0B7F0100B726D9 /* Memory.h */ = {isa = PBXFileReference; fileEncoding = 4; lastKnownFileType = sourcecode.c.h; path = Memory.h; sourceTree = "<group>"; };
		325097E51E0B7F0100B726D9 /* MemPool.cpp */ = {isa = PBXFileReference; fileEncoding = 4; lastKnownFileType = sourcecode.cpp.cpp; path = MemPool.cpp; sourceTree = "<group>"; };
		325097E61E0B7F0100B726D9 /* MemPool.h */ = {isa = PBXFileReference; fileEncoding = 4; lastKnownFileType = sourcecode.c.h; path = MemPool.h; sourceTree = "<group>"; };
		325097E71E0B7F0100B726D9 /* StackTrace.cpp */ = {isa = PBXFileReference; fileEncoding = 4; lastKnownFileType = sourcecode.cpp.cpp; path = StackTrace.cpp; sourceTree = "<group>"; };
		325097E81E0B7F0100B726D9 /* StackTrace.h */ = {isa = PBXFileReference; fileEncoding = 4; lastKnownFileType = sourcecode.c.h; path = StackTrace.h; sourceTree = "<group>"; };
		325097EA1E0B7F0100B726D9 /* String.cpp */ = {isa = PBXFileReference; fileEncoding = 4; lastKnownFileType = sourcecode.cpp.cpp; path = String.cpp; sourceTree = "<group>"; };
		325097EB1E0B7F0100B726D9 /* String.h */ = {isa = PBXFileReference; fileEncoding = 4; lastKnownFileType = sourcecode.c.h; path = String.h; sourceTree = "<group>"; };
		325097EC1E0B7F0100B726D9 /* TextCodec.cpp */ = {isa = PBXFileReference; fileEncoding = 4; lastKnownFileType = sourcecode.cpp.cpp; path = TextCodec.cpp; sourceTree = "<group>"; };
		325097ED1E0B7F0100B726D9 /* TextCodec.h */ = {isa = PBXFileReference; fileEncoding = 4; lastKnownFileType = sourcecode.c.h; path = TextCodec.h; sourceTree = "<group>"; };
		325097EF1E0B7F0100B726D9 /* Actor.cpp */ = {isa = PBXFileReference; fileEncoding = 4; lastKnownFileType = sourcecode.cpp.cpp; path = Actor.cpp; sourceTree = "<group>"; };
		325097F01E0B7F0100B726D9 /* Actor.h */ = {isa = PBXFileReference; fileEncoding = 4; lastKnownFileType = sourcecode.c.h; path = Actor.h; sourceTree = "<group>"; };
		325097F11E0B7F0100B726D9 /* ThreadPool.cpp */ = {isa = PBXFileReference; fileEncoding = 4; lastKnownFileType = sourcecode.cpp.cpp; path = ThreadPool.cpp; sourceTree = "<group>"; };
		325097F21E0B7F0100B726D9 /* ThreadPool.h */ = {isa = PBXFileReference; fileEncoding = 4; lastKnownFileType = sourcecode.c.h; path = ThreadPool.h; sourceTree = "<group>"; };
		325097F41E0B7F0100B726D9 /* Queue.h */ = {isa = PBXFileReference; fileEncoding = 4; lastKnownFileType = sourcecode.c.h; path = Queue.h; sourceTree = "<group>"; };
		325097F51E0B7F0100B726D9 /* Timer.cpp */ = {isa = PBXFileReference; fileEncoding = 4; lastKnownFileType = sourcecode.cpp.cpp; path = Timer.cpp; sourceTree = "<group>"; };
		325097F61E0B7F0100B726D9 /* Timer.h */ = {isa = PBXFileReference; fileEncoding = 4; lastKnownFileType = sourcecode.c.h; path = Timer.h; sourceTree = "<group>"; };
		325097F81E0B7F0100B726D9 /* Config.cpp */ = {isa = PBXFileReference; fileEncoding = 4; lastKnownFileType = sourcecode.cpp.cpp; path = Config.cpp; sourceTree = "<group>"; };
		325097F91E0B7F0100B726D9 /* Config.h */ = {isa = PBXFileReference; fileEncoding = 4; lastKnownFileType = sourcecode.c.h; path = Config.h; sourceTree = "<group>"; };
		325097FA1E0B7F0100B726D9 /* CsvReader.cpp */ = {isa = PBXFileReference; fileEncoding = 4; lastKnownFileType = sourcecode.cpp.cpp; path = CsvReader.cpp; sourceTree = "<group>"; };
		325097FB1E0B7F0100B726D9 /* CsvReader.h */ = {isa = PBXFileReference; fileEncoding = 4; lastKnownFileType = sourcecode.c.h; path = CsvReader.h; sourceTree = "<group>"; };
		325097FC1E0B7F0100B726D9 /* Math.h */ = {isa = PBXFileReference; fileEncoding = 4; lastKnownFileType = sourcecode.c.h; path = Math.h; sourceTree = "<group>"; };
		325097FD1E0B7F0100B726D9 /* Profiler.h */ = {isa = PBXFileReference; fileEncoding = 4; lastKnownFileType = sourcecode.c.h; path = Profiler.h; sourceTree = "<group>"; };
		325097FE1E0B7F0100B726D9 /* System.cpp */ = {isa = PBXFileReference; fileEncoding = 4; lastKnownFileType = sourcecode.cpp.cpp; path = System.cpp; sourceTree = "<group>"; };
		325097FF1E0B7F0100B726D9 /* System.h */ = {isa = PBXFileReference; fileEncoding = 4; lastKnownFileType = sourcecode.c.h; path = System.h; sourceTree = "<group>"; };
		325098001E0B7F0100B726D9 /* Test.cpp */ = {isa = PBXFileReference; fileEncoding = 4; lastKnownFileType = sourcecode.cpp.cpp; path = Test.cpp; sourceTree = "<group>"; };
		325098011E0B7F0100B726D9 /* Test.h */ = {isa = PBXFileReference; fileEncoding = 4; lastKnownFileType = sourcecode.c.h; path = Test.h; sourceTree = "<group>"; };
		325098151E0B813D00B726D9 /* Time.cpp */ = {isa = PBXFileReference; fileEncoding = 4; lastKnownFileType = sourcecode.cpp.cpp; path = Time.cpp; sourceTree = "<group>"; };
		325098161E0B813D00B726D9 /* Time.h */ = {isa = PBXFileReference; fileEncoding = 4; lastKnownFileType = sourcecode.c.h; path = Time.h; sourceTree = "<group>"; };
		325098181E0B9EB100B726D9 /* Profiler.cpp */ = {isa = PBXFileReference; fileEncoding = 4; lastKnownFileType = sourcecode.cpp.cpp; path = Profiler.cpp; sourceTree = "<group>"; };
		325A84D61E09458200717CF6 /* cppfan */ = {isa = PBXFileReference; explicitFileType = "compiled.mach-o.executable"; includeInIndex = 0; path = cppfan; sourceTree = BUILT_PRODUCTS_DIR; };
		325A84F81E09461E00717CF6 /* ActorTest.cpp */ = {isa = PBXFileReference; fileEncoding = 4; lastKnownFileType = sourcecode.cpp.cpp; path = ActorTest.cpp; sourceTree = "<group>"; };
		325A84FB1E09461E00717CF6 /* CacheTest.cpp */ = {isa = PBXFileReference; fileEncoding = 4; lastKnownFileType = sourcecode.cpp.cpp; path = CacheTest.cpp; sourceTree = "<group>"; };
		325A84FC1E09461E00717CF6 /* HashMapTest.cpp */ = {isa = PBXFileReference; fileEncoding = 4; lastKnownFileType = sourcecode.cpp.cpp; path = HashMapTest.cpp; sourceTree = "<group>"; };
		325A84FD1E09461E00717CF6 /* LinkedListTest.cpp */ = {isa = PBXFileReference; fileEncoding = 4; lastKnownFileType = sourcecode.cpp.cpp; path = LinkedListTest.cpp; sourceTree = "<group>"; };
		325A84FF1E09461E00717CF6 /* maincpp.cpp */ = {isa = PBXFileReference; fileEncoding = 4; lastKnownFileType = sourcecode.cpp.cpp; path = maincpp.cpp; sourceTree = "<group>"; };
		325A85001E09461E00717CF6 /* MemoryTest.cpp */ = {isa = PBXFileReference; fileEncoding = 4; lastKnownFileType = sourcecode.cpp.cpp; path = MemoryTest.cpp; sourceTree = "<group>"; };
		325A85011E09461E00717CF6 /* StringTest.cpp */ = {isa = PBXFileReference; fileEncoding = 4; lastKnownFileType = sourcecode.cpp.cpp; path = StringTest.cpp; sourceTree = "<group>"; };
		32E5FDEB1E227B6400E0B36F /* Array.h */ = {isa = PBXFileReference; lastKnownFileType = sourcecode.c.h; path = Array.h; sourceTree = "<group>"; };
/* End PBXFileReference section */

/* Begin PBXFrameworksBuildPhase section */
		325A84D31E09458200717CF6 /* Frameworks */ = {
			isa = PBXFrameworksBuildPhase;
			buildActionMask = 2147483647;
			files = (
			);
			runOnlyForDeploymentPostprocessing = 0;
		};
/* End PBXFrameworksBuildPhase section */

/* Begin PBXGroup section */
		325097B11E0B68F500B726D9 /* thirdparty */ = {
			isa = PBXGroup;
			children = (
				325097BF1E0B777F00B726D9 /* base64.cpp */,
				325097C01E0B777F00B726D9 /* base64.h */,
				325097C11E0B777F00B726D9 /* md5.h */,
				325097C21E0B777F00B726D9 /* md5.c */,
				325097B51E0B68F500B726D9 /* tinycthread.c */,
				325097B61E0B68F500B726D9 /* tinycthread.h */,
				325097B71E0B68F500B726D9 /* utf8.c */,
				325097B81E0B68F500B726D9 /* utf8.h */,
			);
			path = thirdparty;
			sourceTree = "<group>";
		};
		325097CC1E0B7F0100B726D9 /* cppfan */ = {
			isa = PBXGroup;
			children = (
				325097CD1E0B7F0100B726D9 /* base */,
				325097D51E0B7F0100B726D9 /* container */,
				325097D91E0B7F0100B726D9 /* cppfan.h */,
				325097DA1E0B7F0100B726D9 /* io */,
				325097E21E0B7F0100B726D9 /* mem */,
				325097E91E0B7F0100B726D9 /* text */,
				325097EE1E0B7F0100B726D9 /* thread */,
				325097F71E0B7F0100B726D9 /* util */,
			);
			path = cppfan;
			sourceTree = "<group>";
		};
		325097CD1E0B7F0100B726D9 /* base */ = {
			isa = PBXGroup;
			children = (
				325097CE1E0B7F0100B726D9 /* common.h */,
				325097CF1E0B7F0100B726D9 /* Log.cpp */,
				325097D01E0B7F0100B726D9 /* Log.h */,
				325097D11E0B7F0100B726D9 /* miss.h */,
				325097D21E0B7F0100B726D9 /* Object.cpp */,
				325097D31E0B7F0100B726D9 /* Object.h */,
				325097D41E0B7F0100B726D9 /* Ref.h */,
			);
			path = base;
			sourceTree = "<group>";
		};
		325097D51E0B7F0100B726D9 /* container */ = {
			isa = PBXGroup;
			children = (
				325097D61E0B7F0100B726D9 /* Cache.h */,
				325097D71E0B7F0100B726D9 /* HashMap.h */,
				325097D81E0B7F0100B726D9 /* LinkedList.h */,
				32E5FDEB1E227B6400E0B36F /* Array.h */,
			);
			path = container;
			sourceTree = "<group>";
		};
		325097DA1E0B7F0100B726D9 /* io */ = {
			isa = PBXGroup;
			children = (
				325097DB1E0B7F0100B726D9 /* Buffer.cpp */,
				325097DC1E0B7F0100B726D9 /* Buffer.h */,
				325097DD1E0B7F0100B726D9 /* File.cpp */,
				325097DE1E0B7F0100B726D9 /* File.h */,
				325097DF1E0B7F0100B726D9 /* FileStream.h */,
				325097E01E0B7F0100B726D9 /* Stream.cpp */,
				325097E11E0B7F0100B726D9 /* Stream.h */,
			);
			path = io;
			sourceTree = "<group>";
		};
		325097E21E0B7F0100B726D9 /* mem */ = {
			isa = PBXGroup;
			children = (
				325097E31E0B7F0100B726D9 /* Memory.cpp */,
				325097E41E0B7F0100B726D9 /* Memory.h */,
				325097E51E0B7F0100B726D9 /* MemPool.cpp */,
				325097E61E0B7F0100B726D9 /* MemPool.h */,
				325097E71E0B7F0100B726D9 /* StackTrace.cpp */,
				325097E81E0B7F0100B726D9 /* StackTrace.h */,
			);
			path = mem;
			sourceTree = "<group>";
		};
		325097E91E0B7F0100B726D9 /* text */ = {
			isa = PBXGroup;
			children = (
				325097EA1E0B7F0100B726D9 /* String.cpp */,
				325097EB1E0B7F0100B726D9 /* String.h */,
				325097EC1E0B7F0100B726D9 /* TextCodec.cpp */,
				325097ED1E0B7F0100B726D9 /* TextCodec.h */,
			);
			path = text;
			sourceTree = "<group>";
		};
		325097EE1E0B7F0100B726D9 /* thread */ = {
			isa = PBXGroup;
			children = (
				325097EF1E0B7F0100B726D9 /* Actor.cpp */,
				325097F01E0B7F0100B726D9 /* Actor.h */,
				325097F11E0B7F0100B726D9 /* ThreadPool.cpp */,
				325097F21E0B7F0100B726D9 /* ThreadPool.h */,
				325097F41E0B7F0100B726D9 /* Queue.h */,
				325097F51E0B7F0100B726D9 /* Timer.cpp */,
				325097F61E0B7F0100B726D9 /* Timer.h */,
			);
			path = thread;
			sourceTree = "<group>";
		};
		325097F71E0B7F0100B726D9 /* util */ = {
			isa = PBXGroup;
			children = (
				325097F81E0B7F0100B726D9 /* Config.cpp */,
				325097F91E0B7F0100B726D9 /* Config.h */,
				325097FA1E0B7F0100B726D9 /* CsvReader.cpp */,
				325097FB1E0B7F0100B726D9 /* CsvReader.h */,
				325097FC1E0B7F0100B726D9 /* Math.h */,
				325098181E0B9EB100B726D9 /* Profiler.cpp */,
				325097FD1E0B7F0100B726D9 /* Profiler.h */,
				325097FE1E0B7F0100B726D9 /* System.cpp */,
				325097FF1E0B7F0100B726D9 /* System.h */,
				325098001E0B7F0100B726D9 /* Test.cpp */,
				325098011E0B7F0100B726D9 /* Test.h */,
				325098151E0B813D00B726D9 /* Time.cpp */,
				325098161E0B813D00B726D9 /* Time.h */,
			);
			path = util;
			sourceTree = "<group>";
		};
		325A84CD1E09458100717CF6 = {
			isa = PBXGroup;
			children = (
				325097CC1E0B7F0100B726D9 /* cppfan */,
				325097B11E0B68F500B726D9 /* thirdparty */,
				325A84F71E09461E00717CF6 /* cppfTest */,
				325A84D71E09458200717CF6 /* Products */,
			);
			sourceTree = "<group>";
		};
		325A84D71E09458200717CF6 /* Products */ = {
			isa = PBXGroup;
			children = (
				325A84D61E09458200717CF6 /* cppfan */,
			);
			name = Products;
			sourceTree = "<group>";
		};
		325A84F71E09461E00717CF6 /* cppfTest */ = {
			isa = PBXGroup;
			children = (
				325A84F81E09461E00717CF6 /* ActorTest.cpp */,
				325A84FB1E09461E00717CF6 /* CacheTest.cpp */,
				325A84FC1E09461E00717CF6 /* HashMapTest.cpp */,
				325A84FD1E09461E00717CF6 /* LinkedListTest.cpp */,
				325A84FF1E09461E00717CF6 /* maincpp.cpp */,
				325A85001E09461E00717CF6 /* MemoryTest.cpp */,
				325A85011E09461E00717CF6 /* StringTest.cpp */,
			);
			path = cppfTest;
			sourceTree = "<group>";
		};
/* End PBXGroup section */

/* Begin PBXNativeTarget section */
		325A84D51E09458200717CF6 /* cppfan */ = {
			isa = PBXNativeTarget;
			buildConfigurationList = 325A84DD1E09458200717CF6 /* Build configuration list for PBXNativeTarget "cppfan" */;
			buildPhases = (
				325A84D21E09458200717CF6 /* Sources */,
				325A84D31E09458200717CF6 /* Frameworks */,
				325A84D41E09458200717CF6 /* CopyFiles */,
			);
			buildRules = (
			);
			dependencies = (
			);
			name = cppfan;
			productName = cppfan;
			productReference = 325A84D61E09458200717CF6 /* cppfan */;
			productType = "com.apple.product-type.tool";
		};
/* End PBXNativeTarget section */

/* Begin PBXProject section */
		325A84CE1E09458100717CF6 /* Project object */ = {
			isa = PBXProject;
			attributes = {
				LastUpgradeCheck = 0810;
				ORGANIZATIONNAME = yangjiandong;
				TargetAttributes = {
					325A84D51E09458200717CF6 = {
						CreatedOnToolsVersion = 8.1;
						ProvisioningStyle = Automatic;
					};
				};
			};
			buildConfigurationList = 325A84D11E09458100717CF6 /* Build configuration list for PBXProject "cppfan" */;
			compatibilityVersion = "Xcode 3.2";
			developmentRegion = English;
			hasScannedForEncodings = 0;
			knownRegions = (
				en,
			);
			mainGroup = 325A84CD1E09458100717CF6;
			productRefGroup = 325A84D71E09458200717CF6 /* Products */;
			projectDirPath = "";
			projectRoot = "";
			targets = (
				325A84D51E09458200717CF6 /* cppfan */,
			);
		};
/* End PBXProject section */

/* Begin PBXSourcesBuildPhase section */
		325A84D21E09458200717CF6 /* Sources */ = {
			isa = PBXSourcesBuildPhase;
			buildActionMask = 2147483647;
			files = (
				325097BB1E0B68F500B726D9 /* utf8.c in Sources */,
				325098131E0B7F0100B726D9 /* System.cpp in Sources */,
				325098051E0B7F0100B726D9 /* Buffer.cpp in Sources */,
				325A85101E09461E00717CF6 /* StringTest.cpp in Sources */,
				325098091E0B7F0100B726D9 /* MemPool.cpp in Sources */,
				3250980E1E0B7F0100B726D9 /* ThreadPool.cpp in Sources */,
				3250980A1E0B7F0100B726D9 /* StackTrace.cpp in Sources */,
				325098171E0B813D00B726D9 /* Time.cpp in Sources */,
				325097C41E0B777F00B726D9 /* md5.c in Sources */,
				325098141E0B7F0100B726D9 /* Test.cpp in Sources */,
				325098031E0B7F0100B726D9 /* Log.cpp in Sources */,
				325098041E0B7F0100B726D9 /* Object.cpp in Sources */,
				325A85071E09461E00717CF6 /* ActorTest.cpp in Sources */,
				325097C31E0B777F00B726D9 /* base64.cpp in Sources */,
				325098071E0B7F0100B726D9 /* Stream.cpp in Sources */,
				325097BA1E0B68F500B726D9 /* tinycthread.c in Sources */,
				325098061E0B7F0100B726D9 /* File.cpp in Sources */,
				325098111E0B7F0100B726D9 /* Config.cpp in Sources */,
				325098101E0B7F0100B726D9 /* Timer.cpp in Sources */,
				325098191E0B9EB100B726D9 /* Profiler.cpp in Sources */,
				325A850E1E09461E00717CF6 /* maincpp.cpp in Sources */,
				325098081E0B7F0100B726D9 /* Memory.cpp in Sources */,
				325A850A1E09461E00717CF6 /* CacheTest.cpp in Sources */,
				3250980B1E0B7F0100B726D9 /* String.cpp in Sources */,
				325098121E0B7F0100B726D9 /* CsvReader.cpp in Sources */,
				325A850B1E09461E00717CF6 /* HashMapTest.cpp in Sources */,
				325A850F1E09461E00717CF6 /* MemoryTest.cpp in Sources */,
				3250980D1E0B7F0100B726D9 /* Actor.cpp in Sources */,
				3250980C1E0B7F0100B726D9 /* TextCodec.cpp in Sources */,
				325A850C1E09461E00717CF6 /* LinkedListTest.cpp in Sources */,
			);
			runOnlyForDeploymentPostprocessing = 0;
		};
/* End PBXSourcesBuildPhase section */

/* Begin XCBuildConfiguration section */
		325A84DB1E09458200717CF6 /* Debug */ = {
			isa = XCBuildConfiguration;
			buildSettings = {
				ALWAYS_SEARCH_USER_PATHS = NO;
				CLANG_ANALYZER_NONNULL = YES;
				CLANG_CXX_LANGUAGE_STANDARD = "c++14";
				CLANG_CXX_LIBRARY = "libc++";
				CLANG_ENABLE_MODULES = YES;
				CLANG_ENABLE_OBJC_ARC = YES;
				CLANG_WARN_BOOL_CONVERSION = YES;
				CLANG_WARN_CONSTANT_CONVERSION = YES;
				CLANG_WARN_DIRECT_OBJC_ISA_USAGE = YES_ERROR;
				CLANG_WARN_DOCUMENTATION_COMMENTS = YES;
				CLANG_WARN_EMPTY_BODY = YES;
				CLANG_WARN_ENUM_CONVERSION = YES;
				CLANG_WARN_INFINITE_RECURSION = YES;
				CLANG_WARN_INT_CONVERSION = YES;
				CLANG_WARN_OBJC_ROOT_CLASS = YES_ERROR;
				CLANG_WARN_SUSPICIOUS_MOVES = YES;
				CLANG_WARN_UNREACHABLE_CODE = YES;
				CLANG_WARN__DUPLICATE_METHOD_MATCH = YES;
				CODE_SIGN_IDENTITY = "-";
				COPY_PHASE_STRIP = NO;
				DEBUG_INFORMATION_FORMAT = dwarf;
				ENABLE_STRICT_OBJC_MSGSEND = YES;
				ENABLE_TESTABILITY = YES;
				GCC_C_LANGUAGE_STANDARD = c11;
				GCC_DYNAMIC_NO_PIC = NO;
				GCC_NO_COMMON_BLOCKS = YES;
				GCC_OPTIMIZATION_LEVEL = 0;
				GCC_PREPROCESSOR_DEFINITIONS = (
					"DEBUG=1",
					"$(inherited)",
				);
				GCC_WARN_64_TO_32_BIT_CONVERSION = YES;
				GCC_WARN_ABOUT_RETURN_TYPE = YES_ERROR;
				GCC_WARN_UNDECLARED_SELECTOR = YES;
				GCC_WARN_UNINITIALIZED_AUTOS = YES_AGGRESSIVE;
				GCC_WARN_UNUSED_FUNCTION = YES;
				GCC_WARN_UNUSED_VARIABLE = YES;
				HEADER_SEARCH_PATHS = "$(SRCROOT)";
				MACOSX_DEPLOYMENT_TARGET = 10.12;
				MTL_ENABLE_DEBUG_INFO = YES;
				ONLY_ACTIVE_ARCH = YES;
				SDKROOT = macosx;
				USER_HEADER_SEARCH_PATHS = "";
			};
			name = Debug;
		};
		325A84DC1E09458200717CF6 /* Release */ = {
			isa = XCBuildConfiguration;
			buildSettings = {
				ALWAYS_SEARCH_USER_PATHS = NO;
				CLANG_ANALYZER_NONNULL = YES;
				CLANG_CXX_LANGUAGE_STANDARD = "c++14";
				CLANG_CXX_LIBRARY = "libc++";
				CLANG_ENABLE_MODULES = YES;
				CLANG_ENABLE_OBJC_ARC = YES;
				CLANG_WARN_BOOL_CONVERSION = YES;
				CLANG_WARN_CONSTANT_CONVERSION = YES;
				CLANG_WARN_DIRECT_OBJC_ISA_USAGE = YES_ERROR;
				CLANG_WARN_DOCUMENTATION_COMMENTS = YES;
				CLANG_WARN_EMPTY_BODY = YES;
				CLANG_WARN_ENUM_CONVERSION = YES;
				CLANG_WARN_INFINITE_RECURSION = YES;
				CLANG_WARN_INT_CONVERSION = YES;
				CLANG_WARN_OBJC_ROOT_CLASS = YES_ERROR;
				CLANG_WARN_SUSPICIOUS_MOVES = YES;
				CLANG_WARN_UNREACHABLE_CODE = YES;
				CLANG_WARN__DUPLICATE_METHOD_MATCH = YES;
				CODE_SIGN_IDENTITY = "-";
				COPY_PHASE_STRIP = NO;
				DEBUG_INFORMATION_FORMAT = "dwarf-with-dsym";
				ENABLE_NS_ASSERTIONS = NO;
				ENABLE_STRICT_OBJC_MSGSEND = YES;
				GCC_C_LANGUAGE_STANDARD = c11;
				GCC_NO_COMMON_BLOCKS = YES;
				GCC_WARN_64_TO_32_BIT_CONVERSION = YES;
				GCC_WARN_ABOUT_RETURN_TYPE = YES_ERROR;
				GCC_WARN_UNDECLARED_SELECTOR = YES;
				GCC_WARN_UNINITIALIZED_AUTOS = YES_AGGRESSIVE;
				GCC_WARN_UNUSED_FUNCTION = YES;
				GCC_WARN_UNUSED_VARIABLE = YES;
				HEADER_SEARCH_PATHS = "$(SRCROOT)";
				MACOSX_DEPLOYMENT_TARGET = 10.12;
				MTL_ENABLE_DEBUG_INFO = NO;
				SDKROOT = macosx;
				USER_HEADER_SEARCH_PATHS = "";
			};
			name = Release;
		};
		325A84DE1E09458200717CF6 /* Debug */ = {
			isa = XCBuildConfiguration;
			buildSettings = {
				PRODUCT_NAME = "$(TARGET_NAME)";
			};
			name = Debug;
		};
		325A84DF1E09458200717CF6 /* Release */ = {
			isa = XCBuildConfiguration;
			buildSettings = {
				PRODUCT_NAME = "$(TARGET_NAME)";
			};
			name = Release;
		};
/* End XCBuildConfiguration section */

/* Begin XCConfigurationList section */
		325A84D11E09458100717CF6 /* Build configuration list for PBXProject "cppfan" */ = {
			isa = XCConfigurationList;
			buildConfigurations = (
				325A84DB1E09458200717CF6 /* Debug */,
				325A84DC1E09458200717CF6 /* Release */,
			);
			defaultConfigurationIsVisible = 0;
			defaultConfigurationName = Release;
		};
		325A84DD1E09458200717CF6 /* Build configuration list for PBXNativeTarget "cppfan" */ = {
			isa = XCConfigurationList;
			buildConfigurations = (
				325A84DE1E09458200717CF6 /* Debug */,
				325A84DF1E09458200717CF6 /* Release */,
			);
			defaultConfigurationIsVisible = 0;
			defaultConfigurationName = Release;
		};
/* End XCConfigurationList section */
	};
	rootObject = 325A84CE1E09458100717CF6 /* Project object */;
}
